
Microsoft Visual Studio Solution File, Format Version 12.00
# Visual Studio Version 16
VisualStudioVersion = 16.0.29403.142
MinimumVisualStudioVersion = 10.0.40219.1
Project("{FAE04EC0-301F-11D3-BF4B-00C04F79EFBC}") = "TimerTest1", "TimerTest1\TimerTest1.csproj", "{6EA35220-52BD-4235-8180-0DB2A54C5B83}"
EndProject
Global
	GlobalSection(SolutionConfigurationPlatforms) = preSolution
		Debug|Any CPU = Debug|Any CPU
		Release|Any CPU = Release|Any CPU
	EndGlobalSection
	GlobalSection(ProjectConfigurationPlatforms) = postSolution
		{6EA35220-52BD-4235-8180-0DB2A54C5B83}.Debug|Any CPU.ActiveCfg = Debug|Any CPU
		{6EA35220-52BD-4235-8180-0DB2A54C5B83}.Debug|Any CPU.Build.0 = Debug|Any CPU
		{6EA35220-52BD-4235-8180-0DB2A54C5B83}.Release|Any CPU.ActiveCfg = Release|Any CPU
		{6EA35220-52BD-4235-8180-0DB2A54C5B83}.Release|Any CPU.Build.0 = Release|Any CPU
	EndGlobalSection
	GlobalSection(SolutionProperties) = preSolution
		HideSolutionNode = FALSE
	EndGlobalSection
	GlobalSection(ExtensibilityGlobals) = postSolution
		SolutionGuid = {CD4CA709-CCD3-408B-B659-CB5CB4F3B5F2}
	EndGlobalSection
EndGlobal
